
Microsoft Visual Studio Solution File, Format Version 12.00
# Visual Studio 15
VisualStudioVersion = 15.0.28307.902
MinimumVisualStudioVersion = 10.0.40219.1
Project("{8BC9CEB8-8B4A-11D0-8D11-00A0C91BC942}") = "PF_CGeIHC_20201_4", "PF_CGeIHC_20201_4\PF_CGeIHC_20201_4.vcxproj", "{75A4CBC9-CC72-4A98-8B71-0A66BC4175C3}"
EndProject
Global
	GlobalSection(SolutionConfigurationPlatforms) = preSolution
		Debug|x64 = Debug|x64
		Debug|x86 = Debug|x86
		Release|x64 = Release|x64
		Release|x86 = Release|x86
	EndGlobalSection
	GlobalSection(ProjectConfigurationPlatforms) = postSolution
		{75A4CBC9-CC72-4A98-8B71-0A66BC4175C3}.Debug|x64.ActiveCfg = Debug|x64
		{75A4CBC9-CC72-4A98-8B71-0A66BC4175C3}.Debug|x64.Build.0 = Debug|x64
		{75A4CBC9-CC72-4A98-8B71-0A66BC4175C3}.Debug|x86.ActiveCfg = Debug|Win32
		{75A4CBC9-CC72-4A98-8B71-0A66BC4175C3}.Debug|x86.Build.0 = Debug|Win32
		{75A4CBC9-CC72-4A98-8B71-0A66BC4175C3}.Release|x64.ActiveCfg = Release|x64
		{75A4CBC9-CC72-4A98-8B71-0A66BC4175C3}.Release|x64.Build.0 = Release|x64
		{75A4CBC9-CC72-4A98-8B71-0A66BC4175C3}.Release|x86.ActiveCfg = Release|Win32
		{75A4CBC9-CC72-4A98-8B71-0A66BC4175C3}.Release|x86.Build.0 = Release|Win32
	EndGlobalSection
	GlobalSection(SolutionProperties) = preSolution
		HideSolutionNode = FALSE
	EndGlobalSection
	GlobalSection(ExtensibilityGlobals) = postSolution
		SolutionGuid = {7ED1D6C7-E6C5-4871-8926-2839B731A06F}
	EndGlobalSection
EndGlobal
